
Microsoft Visual Studio Solution File, Format Version 12.00
# Visual Studio Version 17
VisualStudioVersion = 17.2.32526.322
MinimumVisualStudioVersion = 10.0.40219.1
Project("{9A19103F-16F7-4668-BE54-9A1E7A4F7556}") = "eTickets", "eTickets.csproj", "{E333A6A3-6866-482C-9CFC-D2361F18822C}"
EndProject
Global
	GlobalSection(SolutionConfigurationPlatforms) = preSolution
		Debug|Any CPU = Debug|Any CPU
		Release|Any CPU = Release|Any CPU
	EndGlobalSection
	GlobalSection(ProjectConfigurationPlatforms) = postSolution
		{E333A6A3-6866-482C-9CFC-D2361F18822C}.Debug|Any CPU.ActiveCfg = Debug|Any CPU
		{E333A6A3-6866-482C-9CFC-D2361F18822C}.Debug|Any CPU.Build.0 = Debug|Any CPU
		{E333A6A3-6866-482C-9CFC-D2361F18822C}.Release|Any CPU.ActiveCfg = Release|Any CPU
		{E333A6A3-6866-482C-9CFC-D2361F18822C}.Release|Any CPU.Build.0 = Release|Any CPU
	EndGlobalSection
	GlobalSection(SolutionProperties) = preSolution
		HideSolutionNode = FALSE
	EndGlobalSection
	GlobalSection(ExtensibilityGlobals) = postSolution
		SolutionGuid = {6BC59FB0-E380-48F6-8CA3-49C7C07FD9B8}
	EndGlobalSection
EndGlobal
